# THIS IS AN AUTOGENERATED FILE. DO NOT EDIT THIS FILE DIRECTLY.
# yarn lockfile v1


"@vimeo/player@^2.1.0":
  version "2.1.0"
  resolved "https://registry.yarnpkg.com/@vimeo/player/-/player-2.1.0.tgz#78537eeae9f4996d08fa3d491061660bc980c473"
  dependencies:
    es6-collections "0.5.6"
    native-promise-only "0.8.1"

es6-collections@0.5.6:
  version "0.5.6"
  resolved "https://registry.yarnpkg.com/es6-collections/-/es6-collections-0.5.6.tgz#5552e800ad12c1820cda2bd4a79ae7dbb03d89a2"

native-promise-only@0.8.1:
  version "0.8.1"
  resolved "https://registry.yarnpkg.com/native-promise-only/-/native-promise-only-0.8.1.tgz#20a318c30cb45f71fe7adfbf7b21c99c1472ef11"

pjax@^0.2.4:
  version "0.2.4"
  resolved "https://registry.yarnpkg.com/pjax/-/pjax-0.2.4.tgz#0ae5885cfe663eb6a786156ed9c3de5bcb627513"

"smooth-scroll@github:cferdinandi/smooth-scroll":
  version "11.1.0"
  resolved "https://codeload.github.com/cferdinandi/smooth-scroll/tar.gz/49ce0c46ac5f56ef339e6128b33705ca050576b6"
